// !$*UTF8*$!
{
	archiveVersion = 1;
	classes = {
	};
	objectVersion = 51;
	objects = {

/* Begin PBXBuildFile section */
		83680217DB56DBBEB8C1B412 /* Pods_Wanted.framework in Frameworks */ = {isa = PBXBuildFile; fileRef = 50DC8F28CE5BBB10C3ED611A /* Pods_Wanted.framework */; };
		CC7A51B425E93A1D0024CDE4 /* User.swift in Sources */ = {isa = PBXBuildFile; fileRef = CC7A51B325E93A1D0024CDE4 /* User.swift */; };
		CC7A51B825E93BC20024CDE4 /* FireStoreUtils.swift in Sources */ = {isa = PBXBuildFile; fileRef = CC7A51B725E93BC20024CDE4 /* FireStoreUtils.swift */; };
		CC7A51BB25E93D6A0024CDE4 /* CustomImageView.swift in Sources */ = {isa = PBXBuildFile; fileRef = CC7A51BA25E93D6A0024CDE4 /* CustomImageView.swift */; };
		CC95D78225E28F99002B3F63 /* UserProfileViewController.swift in Sources */ = {isa = PBXBuildFile; fileRef = CC95D78125E28F99002B3F63 /* UserProfileViewController.swift */; };
		CC95D78625E29056002B3F63 /* UserProfileHeaderCell.swift in Sources */ = {isa = PBXBuildFile; fileRef = CC95D78525E29056002B3F63 /* UserProfileHeaderCell.swift */; };
		CC95D78925E29094002B3F63 /* UserProfileProductCell.swift in Sources */ = {isa = PBXBuildFile; fileRef = CC95D78825E29094002B3F63 /* UserProfileProductCell.swift */; };
		CCA16A7825E9316800A580CF /* GoogleService-Info.plist in Resources */ = {isa = PBXBuildFile; fileRef = CCA16A7725E9316800A580CF /* GoogleService-Info.plist */; };
		CCCD92EE25E9326300DC79A3 /* LoginViewController.swift in Sources */ = {isa = PBXBuildFile; fileRef = CCCD92ED25E9326300DC79A3 /* LoginViewController.swift */; };
		CCCD92F225E932D200DC79A3 /* SignUpViewController.swift in Sources */ = {isa = PBXBuildFile; fileRef = CCCD92F125E932D200DC79A3 /* SignUpViewController.swift */; };
		CCCF43F725E01F3100C32D56 /* AppDelegate.swift in Sources */ = {isa = PBXBuildFile; fileRef = CCCF43F625E01F3100C32D56 /* AppDelegate.swift */; };
		CCCF43F925E01F3100C32D56 /* SceneDelegate.swift in Sources */ = {isa = PBXBuildFile; fileRef = CCCF43F825E01F3100C32D56 /* SceneDelegate.swift */; };
		CCCF43FB25E01F3100C32D56 /* ViewController.swift in Sources */ = {isa = PBXBuildFile; fileRef = CCCF43FA25E01F3100C32D56 /* ViewController.swift */; };
		CCCF43FE25E01F3100C32D56 /* Main.storyboard in Resources */ = {isa = PBXBuildFile; fileRef = CCCF43FC25E01F3100C32D56 /* Main.storyboard */; };
		CCCF440025E01F3200C32D56 /* Assets.xcassets in Resources */ = {isa = PBXBuildFile; fileRef = CCCF43FF25E01F3200C32D56 /* Assets.xcassets */; };
		CCCF440325E01F3200C32D56 /* LaunchScreen.storyboard in Resources */ = {isa = PBXBuildFile; fileRef = CCCF440125E01F3200C32D56 /* LaunchScreen.storyboard */; };
		CCCF440C25E0234A00C32D56 /* MainTabBarController.swift in Sources */ = {isa = PBXBuildFile; fileRef = CCCF440B25E0234A00C32D56 /* MainTabBarController.swift */; };
		CCCF441125E029C900C32D56 /* Extensions.swift in Sources */ = {isa = PBXBuildFile; fileRef = CCCF441025E029C900C32D56 /* Extensions.swift */; };
/* End PBXBuildFile section */

/* Begin PBXFileReference section */
		1FFFA49CA6BFD94190B04EE9 /* Pods-Wanted.release.xcconfig */ = {isa = PBXFileReference; includeInIndex = 1; lastKnownFileType = text.xcconfig; name = "Pods-Wanted.release.xcconfig"; path = "Target Support Files/Pods-Wanted/Pods-Wanted.release.xcconfig"; sourceTree = "<group>"; };
		50DC8F28CE5BBB10C3ED611A /* Pods_Wanted.framework */ = {isa = PBXFileReference; explicitFileType = wrapper.framework; includeInIndex = 0; path = Pods_Wanted.framework; sourceTree = BUILT_PRODUCTS_DIR; };
		CBE156A1B886908955ABC588 /* Pods-Wanted.debug.xcconfig */ = {isa = PBXFileReference; includeInIndex = 1; lastKnownFileType = text.xcconfig; name = "Pods-Wanted.debug.xcconfig"; path = "Target Support Files/Pods-Wanted/Pods-Wanted.debug.xcconfig"; sourceTree = "<group>"; };
		CC7A51B325E93A1D0024CDE4 /* User.swift */ = {isa = PBXFileReference; lastKnownFileType = sourcecode.swift; path = User.swift; sourceTree = "<group>"; };
		CC7A51B725E93BC20024CDE4 /* FireStoreUtils.swift */ = {isa = PBXFileReference; lastKnownFileType = sourcecode.swift; path = FireStoreUtils.swift; sourceTree = "<group>"; };
		CC7A51BA25E93D6A0024CDE4 /* CustomImageView.swift */ = {isa = PBXFileReference; lastKnownFileType = sourcecode.swift; path = CustomImageView.swift; sourceTree = "<group>"; };
		CC95D78125E28F99002B3F63 /* UserProfileViewController.swift */ = {isa = PBXFileReference; lastKnownFileType = sourcecode.swift; path = UserProfileViewController.swift; sourceTree = "<group>"; };
		CC95D78525E29056002B3F63 /* UserProfileHeaderCell.swift */ = {isa = PBXFileReference; lastKnownFileType = sourcecode.swift; path = UserProfileHeaderCell.swift; sourceTree = "<group>"; };
		CC95D78825E29094002B3F63 /* UserProfileProductCell.swift */ = {isa = PBXFileReference; lastKnownFileType = sourcecode.swift; path = UserProfileProductCell.swift; sourceTree = "<group>"; };
		CCA16A7725E9316800A580CF /* GoogleService-Info.plist */ = {isa = PBXFileReference; fileEncoding = 4; lastKnownFileType = text.plist.xml; path = "GoogleService-Info.plist"; sourceTree = "<group>"; };
		CCCD92ED25E9326300DC79A3 /* LoginViewController.swift */ = {isa = PBXFileReference; lastKnownFileType = sourcecode.swift; path = LoginViewController.swift; sourceTree = "<group>"; };
		CCCD92F125E932D200DC79A3 /* SignUpViewController.swift */ = {isa = PBXFileReference; lastKnownFileType = sourcecode.swift; path = SignUpViewController.swift; sourceTree = "<group>"; };
		CCCF43F325E01F3100C32D56 /* Wanted.app */ = {isa = PBXFileReference; explicitFileType = wrapper.application; includeInIndex = 0; path = Wanted.app; sourceTree = BUILT_PRODUCTS_DIR; };
		CCCF43F625E01F3100C32D56 /* AppDelegate.swift */ = {isa = PBXFileReference; lastKnownFileType = sourcecode.swift; path = AppDelegate.swift; sourceTree = "<group>"; };
		CCCF43F825E01F3100C32D56 /* SceneDelegate.swift */ = {isa = PBXFileReference; lastKnownFileType = sourcecode.swift; path = SceneDelegate.swift; sourceTree = "<group>"; };
		CCCF43FA25E01F3100C32D56 /* ViewController.swift */ = {isa = PBXFileReference; lastKnownFileType = sourcecode.swift; path = ViewController.swift; sourceTree = "<group>"; };
		CCCF43FD25E01F3100C32D56 /* Base */ = {isa = PBXFileReference; lastKnownFileType = file.storyboard; name = Base; path = Base.lproj/Main.storyboard; sourceTree = "<group>"; };
		CCCF43FF25E01F3200C32D56 /* Assets.xcassets */ = {isa = PBXFileReference; lastKnownFileType = folder.assetcatalog; path = Assets.xcassets; sourceTree = "<group>"; };
		CCCF440225E01F3200C32D56 /* Base */ = {isa = PBXFileReference; lastKnownFileType = file.storyboard; name = Base; path = Base.lproj/LaunchScreen.storyboard; sourceTree = "<group>"; };
		CCCF440425E01F3200C32D56 /* Info.plist */ = {isa = PBXFileReference; lastKnownFileType = text.plist.xml; path = Info.plist; sourceTree = "<group>"; };
		CCCF440B25E0234A00C32D56 /* MainTabBarController.swift */ = {isa = PBXFileReference; lastKnownFileType = sourcecode.swift; path = MainTabBarController.swift; sourceTree = "<group>"; };
		CCCF441025E029C900C32D56 /* Extensions.swift */ = {isa = PBXFileReference; lastKnownFileType = sourcecode.swift; path = Extensions.swift; sourceTree = "<group>"; };
/* End PBXFileReference section */

/* Begin PBXFrameworksBuildPhase section */
		CCCF43F025E01F3100C32D56 /* Frameworks */ = {
			isa = PBXFrameworksBuildPhase;
			buildActionMask = 2147483647;
			files = (
				83680217DB56DBBEB8C1B412 /* Pods_Wanted.framework in Frameworks */,
			);
			runOnlyForDeploymentPostprocessing = 0;
		};
/* End PBXFrameworksBuildPhase section */

/* Begin PBXGroup section */
		B34654A03733AD7AC051DDCB /* Frameworks */ = {
			isa = PBXGroup;
			children = (
				50DC8F28CE5BBB10C3ED611A /* Pods_Wanted.framework */,
			);
			name = Frameworks;
			sourceTree = "<group>";
		};
		CC7A51B225E93A010024CDE4 /* Models */ = {
			isa = PBXGroup;
			children = (
				CC7A51B325E93A1D0024CDE4 /* User.swift */,
			);
			path = Models;
			sourceTree = "<group>";
		};
		CC95D78025E28CCF002B3F63 /* UserProfile */ = {
			isa = PBXGroup;
			children = (
				CC95D78125E28F99002B3F63 /* UserProfileViewController.swift */,
				CC95D78525E29056002B3F63 /* UserProfileHeaderCell.swift */,
				CC95D78825E29094002B3F63 /* UserProfileProductCell.swift */,
			);
			path = UserProfile;
			sourceTree = "<group>";
		};
		CCCD92EC25E9320F00DC79A3 /* Login */ = {
			isa = PBXGroup;
			children = (
				CCCD92ED25E9326300DC79A3 /* LoginViewController.swift */,
				CCCD92F125E932D200DC79A3 /* SignUpViewController.swift */,
			);
			path = Login;
			sourceTree = "<group>";
		};
		CCCF43EA25E01F3100C32D56 = {
			isa = PBXGroup;
			children = (
				CCCF43F525E01F3100C32D56 /* Wanted */,
				CCCF43F425E01F3100C32D56 /* Products */,
				D1DDAD138F6B82266C6E4132 /* Pods */,
				B34654A03733AD7AC051DDCB /* Frameworks */,
			);
			sourceTree = "<group>";
		};
		CCCF43F425E01F3100C32D56 /* Products */ = {
			isa = PBXGroup;
			children = (
				CCCF43F325E01F3100C32D56 /* Wanted.app */,
			);
			name = Products;
			sourceTree = "<group>";
		};
		CCCF43F525E01F3100C32D56 /* Wanted */ = {
			isa = PBXGroup;
			children = (
				CCCF440F25E0298900C32D56 /* Utils */,
				CC7A51B225E93A010024CDE4 /* Models */,
				CCCD92EC25E9320F00DC79A3 /* Login */,
				CC95D78025E28CCF002B3F63 /* UserProfile */,
				CCCF43F625E01F3100C32D56 /* AppDelegate.swift */,
				CCCF43F825E01F3100C32D56 /* SceneDelegate.swift */,
				CCCF43FA25E01F3100C32D56 /* ViewController.swift */,
				CCCF440B25E0234A00C32D56 /* MainTabBarController.swift */,
				CCCF43FC25E01F3100C32D56 /* Main.storyboard */,
				CCCF43FF25E01F3200C32D56 /* Assets.xcassets */,
				CCCF440125E01F3200C32D56 /* LaunchScreen.storyboard */,
				CCA16A7725E9316800A580CF /* GoogleService-Info.plist */,
				CCCF440425E01F3200C32D56 /* Info.plist */,
			);
			path = Wanted;
			sourceTree = "<group>";
		};
		CCCF440F25E0298900C32D56 /* Utils */ = {
			isa = PBXGroup;
			children = (
				CCCF441025E029C900C32D56 /* Extensions.swift */,
				CC7A51B725E93BC20024CDE4 /* FireStoreUtils.swift */,
				CC7A51BA25E93D6A0024CDE4 /* CustomImageView.swift */,
			);
			path = Utils;
			sourceTree = "<group>";
		};
		D1DDAD138F6B82266C6E4132 /* Pods */ = {
			isa = PBXGroup;
			children = (
				CBE156A1B886908955ABC588 /* Pods-Wanted.debug.xcconfig */,
				1FFFA49CA6BFD94190B04EE9 /* Pods-Wanted.release.xcconfig */,
			);
			path = Pods;
			sourceTree = "<group>";
		};
/* End PBXGroup section */

/* Begin PBXNativeTarget section */
		CCCF43F225E01F3100C32D56 /* Wanted */ = {
			isa = PBXNativeTarget;
			buildConfigurationList = CCCF440725E01F3200C32D56 /* Build configuration list for PBXNativeTarget "Wanted" */;
			buildPhases = (
				78B64E2580318B42D5B3F997 /* [CP] Check Pods Manifest.lock */,
				CCCF43EF25E01F3100C32D56 /* Sources */,
				CCCF43F025E01F3100C32D56 /* Frameworks */,
				CCCF43F125E01F3100C32D56 /* Resources */,
				057C3CEB7A35C035E61F6C04 /* [CP] Embed Pods Frameworks */,
			);
			buildRules = (
			);
			dependencies = (
			);
			name = Wanted;
			productName = Wanted;
			productReference = CCCF43F325E01F3100C32D56 /* Wanted.app */;
			productType = "com.apple.product-type.application";
		};
/* End PBXNativeTarget section */

/* Begin PBXProject section */
		CCCF43EB25E01F3100C32D56 /* Project object */ = {
			isa = PBXProject;
			attributes = {
				LastSwiftUpdateCheck = 1240;
				LastUpgradeCheck = 1240;
				TargetAttributes = {
					CCCF43F225E01F3100C32D56 = {
						CreatedOnToolsVersion = 12.4;
					};
				};
			};
			buildConfigurationList = CCCF43EE25E01F3100C32D56 /* Build configuration list for PBXProject "Wanted" */;
			compatibilityVersion = "Xcode 9.3";
			developmentRegion = en;
			hasScannedForEncodings = 0;
			knownRegions = (
				en,
				Base,
			);
			mainGroup = CCCF43EA25E01F3100C32D56;
			productRefGroup = CCCF43F425E01F3100C32D56 /* Products */;
			projectDirPath = "";
			projectRoot = "";
			targets = (
				CCCF43F225E01F3100C32D56 /* Wanted */,
			);
		};
/* End PBXProject section */

/* Begin PBXResourcesBuildPhase section */
		CCCF43F125E01F3100C32D56 /* Resources */ = {
			isa = PBXResourcesBuildPhase;
			buildActionMask = 2147483647;
			files = (
				CCCF440325E01F3200C32D56 /* LaunchScreen.storyboard in Resources */,
				CCCF440025E01F3200C32D56 /* Assets.xcassets in Resources */,
				CCCF43FE25E01F3100C32D56 /* Main.storyboard in Resources */,
				CCA16A7825E9316800A580CF /* GoogleService-Info.plist in Resources */,
			);
			runOnlyForDeploymentPostprocessing = 0;
		};
/* End PBXResourcesBuildPhase section */

/* Begin PBXShellScriptBuildPhase section */
		057C3CEB7A35C035E61F6C04 /* [CP] Embed Pods Frameworks */ = {
			isa = PBXShellScriptBuildPhase;
			buildActionMask = 2147483647;
			files = (
			);
			inputFileListPaths = (
				"${PODS_ROOT}/Target Support Files/Pods-Wanted/Pods-Wanted-frameworks-${CONFIGURATION}-input-files.xcfilelist",
			);
			name = "[CP] Embed Pods Frameworks";
			outputFileListPaths = (
				"${PODS_ROOT}/Target Support Files/Pods-Wanted/Pods-Wanted-frameworks-${CONFIGURATION}-output-files.xcfilelist",
			);
			runOnlyForDeploymentPostprocessing = 0;
			shellPath = /bin/sh;
			shellScript = "\"${PODS_ROOT}/Target Support Files/Pods-Wanted/Pods-Wanted-frameworks.sh\"\n";
			showEnvVarsInLog = 0;
		};
		78B64E2580318B42D5B3F997 /* [CP] Check Pods Manifest.lock */ = {
			isa = PBXShellScriptBuildPhase;
			buildActionMask = 2147483647;
			files = (
			);
			inputFileListPaths = (
			);
			inputPaths = (
				"${PODS_PODFILE_DIR_PATH}/Podfile.lock",
				"${PODS_ROOT}/Manifest.lock",
			);
			name = "[CP] Check Pods Manifest.lock";
			outputFileListPaths = (
			);
			outputPaths = (
				"$(DERIVED_FILE_DIR)/Pods-Wanted-checkManifestLockResult.txt",
			);
			runOnlyForDeploymentPostprocessing = 0;
			shellPath = /bin/sh;
			shellScript = "diff \"${PODS_PODFILE_DIR_PATH}/Podfile.lock\" \"${PODS_ROOT}/Manifest.lock\" > /dev/null\nif [ $? != 0 ] ; then\n    # print error to STDERR\n    echo \"error: The sandbox is not in sync with the Podfile.lock. Run 'pod install' or update your CocoaPods installation.\" >&2\n    exit 1\nfi\n# This output is used by Xcode 'outputs' to avoid re-running this script phase.\necho \"SUCCESS\" > \"${SCRIPT_OUTPUT_FILE_0}\"\n";
			showEnvVarsInLog = 0;
		};
/* End PBXShellScriptBuildPhase section */

/* Begin PBXSourcesBuildPhase section */
		CCCF43EF25E01F3100C32D56 /* Sources */ = {
			isa = PBXSourcesBuildPhase;
			buildActionMask = 2147483647;
			files = (
				CCCD92EE25E9326300DC79A3 /* LoginViewController.swift in Sources */,
				CC95D78925E29094002B3F63 /* UserProfileProductCell.swift in Sources */,
				CCCF441125E029C900C32D56 /* Extensions.swift in Sources */,
				CC95D78225E28F99002B3F63 /* UserProfileViewController.swift in Sources */,
				CCCD92F225E932D200DC79A3 /* SignUpViewController.swift in Sources */,
				CCCF43FB25E01F3100C32D56 /* ViewController.swift in Sources */,
				CCCF43F725E01F3100C32D56 /* AppDelegate.swift in Sources */,
				CC7A51B825E93BC20024CDE4 /* FireStoreUtils.swift in Sources */,
				CCCF440C25E0234A00C32D56 /* MainTabBarController.swift in Sources */,
				CC95D78625E29056002B3F63 /* UserProfileHeaderCell.swift in Sources */,
				CCCF43F925E01F3100C32D56 /* SceneDelegate.swift in Sources */,
				CC7A51B425E93A1D0024CDE4 /* User.swift in Sources */,
				CC7A51BB25E93D6A0024CDE4 /* CustomImageView.swift in Sources */,
			);
			runOnlyForDeploymentPostprocessing = 0;
		};
/* End PBXSourcesBuildPhase section */

/* Begin PBXVariantGroup section */
		CCCF43FC25E01F3100C32D56 /* Main.storyboard */ = {
			isa = PBXVariantGroup;
			children = (
				CCCF43FD25E01F3100C32D56 /* Base */,
			);
			name = Main.storyboard;
			sourceTree = "<group>";
		};
		CCCF440125E01F3200C32D56 /* LaunchScreen.storyboard */ = {
			isa = PBXVariantGroup;
			children = (
				CCCF440225E01F3200C32D56 /* Base */,
			);
			name = LaunchScreen.storyboard;
			sourceTree = "<group>";
		};
/* End PBXVariantGroup section */

/* Begin XCBuildConfiguration section */
		CCCF440525E01F3200C32D56 /* Debug */ = {
			isa = XCBuildConfiguration;
			buildSettings = {
				ALWAYS_SEARCH_USER_PATHS = NO;
				CLANG_ANALYZER_NONNULL = YES;
				CLANG_ANALYZER_NUMBER_OBJECT_CONVERSION = YES_AGGRESSIVE;
				CLANG_CXX_LANGUAGE_STANDARD = "gnu++14";
				CLANG_CXX_LIBRARY = "libc++";
				CLANG_ENABLE_MODULES = YES;
				CLANG_ENABLE_OBJC_ARC = YES;
				CLANG_ENABLE_OBJC_WEAK = YES;
				CLANG_WARN_BLOCK_CAPTURE_AUTORELEASING = YES;
				CLANG_WARN_BOOL_CONVERSION = YES;
				CLANG_WARN_COMMA = YES;
				CLANG_WARN_CONSTANT_CONVERSION = YES;
				CLANG_WARN_DEPRECATED_OBJC_IMPLEMENTATIONS = YES;
				CLANG_WARN_DIRECT_OBJC_ISA_USAGE = YES_ERROR;
				CLANG_WARN_DOCUMENTATION_COMMENTS = YES;
				CLANG_WARN_EMPTY_BODY = YES;
				CLANG_WARN_ENUM_CONVERSION = YES;
				CLANG_WARN_INFINITE_RECURSION = YES;
				CLANG_WARN_INT_CONVERSION = YES;
				CLANG_WARN_NON_LITERAL_NULL_CONVERSION = YES;
				CLANG_WARN_OBJC_IMPLICIT_RETAIN_SELF = YES;
				CLANG_WARN_OBJC_LITERAL_CONVERSION = YES;
				CLANG_WARN_OBJC_ROOT_CLASS = YES_ERROR;
				CLANG_WARN_QUOTED_INCLUDE_IN_FRAMEWORK_HEADER = YES;
				CLANG_WARN_RANGE_LOOP_ANALYSIS = YES;
				CLANG_WARN_STRICT_PROTOTYPES = YES;
				CLANG_WARN_SUSPICIOUS_MOVE = YES;
				CLANG_WARN_UNGUARDED_AVAILABILITY = YES_AGGRESSIVE;
				CLANG_WARN_UNREACHABLE_CODE = YES;
				CLANG_WARN__DUPLICATE_METHOD_MATCH = YES;
				COPY_PHASE_STRIP = NO;
				DEBUG_INFORMATION_FORMAT = dwarf;
				ENABLE_STRICT_OBJC_MSGSEND = YES;
				ENABLE_TESTABILITY = YES;
				GCC_C_LANGUAGE_STANDARD = gnu11;
				GCC_DYNAMIC_NO_PIC = NO;
				GCC_NO_COMMON_BLOCKS = YES;
				GCC_OPTIMIZATION_LEVEL = 0;
				GCC_PREPROCESSOR_DEFINITIONS = (
					"DEBUG=1",
					"$(inherited)",
				);
				GCC_WARN_64_TO_32_BIT_CONVERSION = YES;
				GCC_WARN_ABOUT_RETURN_TYPE = YES_ERROR;
				GCC_WARN_UNDECLARED_SELECTOR = YES;
				GCC_WARN_UNINITIALIZED_AUTOS = YES_AGGRESSIVE;
				GCC_WARN_UNUSED_FUNCTION = YES;
				GCC_WARN_UNUSED_VARIABLE = YES;
				IPHONEOS_DEPLOYMENT_TARGET = 14.4;
				MTL_ENABLE_DEBUG_INFO = INCLUDE_SOURCE;
				MTL_FAST_MATH = YES;
				ONLY_ACTIVE_ARCH = YES;
				SDKROOT = iphoneos;
				SWIFT_ACTIVE_COMPILATION_CONDITIONS = DEBUG;
				SWIFT_OPTIMIZATION_LEVEL = "-Onone";
			};
			name = Debug;
		};
		CCCF440625E01F3200C32D56 /* Release */ = {
			isa = XCBuildConfiguration;
			buildSettings = {
				ALWAYS_SEARCH_USER_PATHS = NO;
				CLANG_ANALYZER_NONNULL = YES;
				CLANG_ANALYZER_NUMBER_OBJECT_CONVERSION = YES_AGGRESSIVE;
				CLANG_CXX_LANGUAGE_STANDARD = "gnu++14";
				CLANG_CXX_LIBRARY = "libc++";
				CLANG_ENABLE_MODULES = YES;
				CLANG_ENABLE_OBJC_ARC = YES;
				CLANG_ENABLE_OBJC_WEAK = YES;
				CLANG_WARN_BLOCK_CAPTURE_AUTORELEASING = YES;
				CLANG_WARN_BOOL_CONVERSION = YES;
				CLANG_WARN_COMMA = YES;
				CLANG_WARN_CONSTANT_CONVERSION = YES;
				CLANG_WARN_DEPRECATED_OBJC_IMPLEMENTATIONS = YES;
				CLANG_WARN_DIRECT_OBJC_ISA_USAGE = YES_ERROR;
				CLANG_WARN_DOCUMENTATION_COMMENTS = YES;
				CLANG_WARN_EMPTY_BODY = YES;
				CLANG_WARN_ENUM_CONVERSION = YES;
				CLANG_WARN_INFINITE_RECURSION = YES;
				CLANG_WARN_INT_CONVERSION = YES;
				CLANG_WARN_NON_LITERAL_NULL_CONVERSION = YES;
				CLANG_WARN_OBJC_IMPLICIT_RETAIN_SELF = YES;
				CLANG_WARN_OBJC_LITERAL_CONVERSION = YES;
				CLANG_WARN_OBJC_ROOT_CLASS = YES_ERROR;
				CLANG_WARN_QUOTED_INCLUDE_IN_FRAMEWORK_HEADER = YES;
				CLANG_WARN_RANGE_LOOP_ANALYSIS = YES;
				CLANG_WARN_STRICT_PROTOTYPES = YES;
				CLANG_WARN_SUSPICIOUS_MOVE = YES;
				CLANG_WARN_UNGUARDED_AVAILABILITY = YES_AGGRESSIVE;
				CLANG_WARN_UNREACHABLE_CODE = YES;
				CLANG_WARN__DUPLICATE_METHOD_MATCH = YES;
				COPY_PHASE_STRIP = NO;
				DEBUG_INFORMATION_FORMAT = "dwarf-with-dsym";
				ENABLE_NS_ASSERTIONS = NO;
				ENABLE_STRICT_OBJC_MSGSEND = YES;
				GCC_C_LANGUAGE_STANDARD = gnu11;
				GCC_NO_COMMON_BLOCKS = YES;
				GCC_WARN_64_TO_32_BIT_CONVERSION = YES;
				GCC_WARN_ABOUT_RETURN_TYPE = YES_ERROR;
				GCC_WARN_UNDECLARED_SELECTOR = YES;
				GCC_WARN_UNINITIALIZED_AUTOS = YES_AGGRESSIVE;
				GCC_WARN_UNUSED_FUNCTION = YES;
				GCC_WARN_UNUSED_VARIABLE = YES;
				IPHONEOS_DEPLOYMENT_TARGET = 14.4;
				MTL_ENABLE_DEBUG_INFO = NO;
				MTL_FAST_MATH = YES;
				SDKROOT = iphoneos;
				SWIFT_COMPILATION_MODE = wholemodule;
				SWIFT_OPTIMIZATION_LEVEL = "-O";
				VALIDATE_PRODUCT = YES;
			};
			name = Release;
		};
		CCCF440825E01F3200C32D56 /* Debug */ = {
			isa = XCBuildConfiguration;
			baseConfigurationReference = CBE156A1B886908955ABC588 /* Pods-Wanted.debug.xcconfig */;
			buildSettings = {
				ASSETCATALOG_COMPILER_APPICON_NAME = AppIcon;
				ASSETCATALOG_COMPILER_GLOBAL_ACCENT_COLOR_NAME = AccentColor;
				CODE_SIGN_STYLE = Automatic;
				DEVELOPMENT_TEAM = 42CZ6JM7JQ;
				INFOPLIST_FILE = Wanted/Info.plist;
				LD_RUNPATH_SEARCH_PATHS = (
					"$(inherited)",
					"@executable_path/Frameworks",
				);
				PRODUCT_BUNDLE_IDENTIFIER = "DG-Works.Wanted";
				PRODUCT_NAME = "$(TARGET_NAME)";
				SWIFT_VERSION = 5.0;
				TARGETED_DEVICE_FAMILY = "1,2";
			};
			name = Debug;
		};
		CCCF440925E01F3200C32D56 /* Release */ = {
			isa = XCBuildConfiguration;
			baseConfigurationReference = 1FFFA49CA6BFD94190B04EE9 /* Pods-Wanted.release.xcconfig */;
			buildSettings = {
				ASSETCATALOG_COMPILER_APPICON_NAME = AppIcon;
				ASSETCATALOG_COMPILER_GLOBAL_ACCENT_COLOR_NAME = AccentColor;
				CODE_SIGN_STYLE = Automatic;
				DEVELOPMENT_TEAM = 42CZ6JM7JQ;
				INFOPLIST_FILE = Wanted/Info.plist;
				LD_RUNPATH_SEARCH_PATHS = (
					"$(inherited)",
					"@executable_path/Frameworks",
				);
				PRODUCT_BUNDLE_IDENTIFIER = "DG-Works.Wanted";
				PRODUCT_NAME = "$(TARGET_NAME)";
				SWIFT_VERSION = 5.0;
				TARGETED_DEVICE_FAMILY = "1,2";
			};
			name = Release;
		};
/* End XCBuildConfiguration section */

/* Begin XCConfigurationList section */
		CCCF43EE25E01F3100C32D56 /* Build configuration list for PBXProject "Wanted" */ = {
			isa = XCConfigurationList;
			buildConfigurations = (
				CCCF440525E01F3200C32D56 /* Debug */,
				CCCF440625E01F3200C32D56 /* Release */,
			);
			defaultConfigurationIsVisible = 0;
			defaultConfigurationName = Release;
		};
		CCCF440725E01F3200C32D56 /* Build configuration list for PBXNativeTarget "Wanted" */ = {
			isa = XCConfigurationList;
			buildConfigurations = (
				CCCF440825E01F3200C32D56 /* Debug */,
				CCCF440925E01F3200C32D56 /* Release */,
			);
			defaultConfigurationIsVisible = 0;
			defaultConfigurationName = Release;
		};
/* End XCConfigurationList section */
	};
	rootObject = CCCF43EB25E01F3100C32D56 /* Project object */;
}
